
Microsoft Visual Studio Solution File, Format Version 12.00
# Visual Studio Version 17
VisualStudioVersion = 17.4.33205.214
MinimumVisualStudioVersion = 10.0.40219.1
Project("{FAE04EC0-301F-11D3-BF4B-00C04F79EFBC}") = "Pokemon_Forum_API", "Pokemon_Forum_API.csproj", "{42F2C581-E8D0-4882-A2D7-8C8BEA81BB95}"
EndProject
Global
	GlobalSection(SolutionConfigurationPlatforms) = preSolution
		Debug|Any CPU = Debug|Any CPU
		Release|Any CPU = Release|Any CPU
	EndGlobalSection
	GlobalSection(ProjectConfigurationPlatforms) = postSolution
		{42F2C581-E8D0-4882-A2D7-8C8BEA81BB95}.Debug|Any CPU.ActiveCfg = Debug|Any CPU
		{42F2C581-E8D0-4882-A2D7-8C8BEA81BB95}.Debug|Any CPU.Build.0 = Debug|Any CPU
		{42F2C581-E8D0-4882-A2D7-8C8BEA81BB95}.Release|Any CPU.ActiveCfg = Release|Any CPU
		{42F2C581-E8D0-4882-A2D7-8C8BEA81BB95}.Release|Any CPU.Build.0 = Release|Any CPU
	EndGlobalSection
	GlobalSection(SolutionProperties) = preSolution
		HideSolutionNode = FALSE
	EndGlobalSection
	GlobalSection(ExtensibilityGlobals) = postSolution
		SolutionGuid = {0D22D224-6B9D-40A3-A2B2-E58097062E12}
	EndGlobalSection
EndGlobal
